
Microsoft Visual Studio Solution File, Format Version 12.00
# Visual Studio Version 17
VisualStudioVersion = 17.0.31903.59
MinimumVisualStudioVersion = 10.0.40219.1
Project("{FAE04EC0-301F-11D3-BF4B-00C04F79EFBC}") = "Mulier.Domain.UnitTests", "Domain.UnitTests\Mulier.Domain.UnitTests.csproj", "{5992FDAC-8D71-4538-8085-72A8B442BA15}"
EndProject
Project("{FAE04EC0-301F-11D3-BF4B-00C04F79EFBC}") = "Mulier.Domain", "..\src\Domain\Mulier.Domain.csproj", "{891C043E-1E85-435A-B96C-CF32D79E22ED}"
EndProject
Project("{FAE04EC0-301F-11D3-BF4B-00C04F79EFBC}") = "Mulier.Application", "..\src\Application\Mulier.Application.csproj", "{9A6951CD-0589-4409-9DA4-B0BD95618904}"
EndProject
Project("{FAE04EC0-301F-11D3-BF4B-00C04F79EFBC}") = "Mulier.Infrastructure", "..\src\Infrastructure\Mulier.Infrastructure.csproj", "{841DC39F-7E93-4FE0-85D6-CEA2615BBD23}"
EndProject
Project("{FAE04EC0-301F-11D3-BF4B-00C04F79EFBC}") = "Mulier.WebApi", "..\src\WebApi\Mulier.WebApi.csproj", "{1501F55F-F083-47E7-B16E-1A8F01309F92}"
EndProject
Project("{FAE04EC0-301F-11D3-BF4B-00C04F79EFBC}") = "Mulier.Application.UnitTests", "Application.UnitTests\Mulier.Application.UnitTests.csproj", "{B2860496-2605-406E-9858-DD0CF10F6594}"
EndProject
Global
	GlobalSection(SolutionConfigurationPlatforms) = preSolution
		Debug|Any CPU = Debug|Any CPU
		Release|Any CPU = Release|Any CPU
	EndGlobalSection
	GlobalSection(SolutionProperties) = preSolution
		HideSolutionNode = FALSE
	EndGlobalSection
	GlobalSection(ProjectConfigurationPlatforms) = postSolution
		{5992FDAC-8D71-4538-8085-72A8B442BA15}.Debug|Any CPU.ActiveCfg = Debug|Any CPU
		{5992FDAC-8D71-4538-8085-72A8B442BA15}.Debug|Any CPU.Build.0 = Debug|Any CPU
		{5992FDAC-8D71-4538-8085-72A8B442BA15}.Release|Any CPU.ActiveCfg = Release|Any CPU
		{5992FDAC-8D71-4538-8085-72A8B442BA15}.Release|Any CPU.Build.0 = Release|Any CPU
		{891C043E-1E85-435A-B96C-CF32D79E22ED}.Debug|Any CPU.ActiveCfg = Debug|Any CPU
		{891C043E-1E85-435A-B96C-CF32D79E22ED}.Debug|Any CPU.Build.0 = Debug|Any CPU
		{891C043E-1E85-435A-B96C-CF32D79E22ED}.Release|Any CPU.ActiveCfg = Release|Any CPU
		{891C043E-1E85-435A-B96C-CF32D79E22ED}.Release|Any CPU.Build.0 = Release|Any CPU
		{9A6951CD-0589-4409-9DA4-B0BD95618904}.Debug|Any CPU.ActiveCfg = Debug|Any CPU
		{9A6951CD-0589-4409-9DA4-B0BD95618904}.Debug|Any CPU.Build.0 = Debug|Any CPU
		{9A6951CD-0589-4409-9DA4-B0BD95618904}.Release|Any CPU.ActiveCfg = Release|Any CPU
		{9A6951CD-0589-4409-9DA4-B0BD95618904}.Release|Any CPU.Build.0 = Release|Any CPU
		{841DC39F-7E93-4FE0-85D6-CEA2615BBD23}.Debug|Any CPU.ActiveCfg = Debug|Any CPU
		{841DC39F-7E93-4FE0-85D6-CEA2615BBD23}.Debug|Any CPU.Build.0 = Debug|Any CPU
		{841DC39F-7E93-4FE0-85D6-CEA2615BBD23}.Release|Any CPU.ActiveCfg = Release|Any CPU
		{841DC39F-7E93-4FE0-85D6-CEA2615BBD23}.Release|Any CPU.Build.0 = Release|Any CPU
		{1501F55F-F083-47E7-B16E-1A8F01309F92}.Debug|Any CPU.ActiveCfg = Debug|Any CPU
		{1501F55F-F083-47E7-B16E-1A8F01309F92}.Debug|Any CPU.Build.0 = Debug|Any CPU
		{1501F55F-F083-47E7-B16E-1A8F01309F92}.Release|Any CPU.ActiveCfg = Release|Any CPU
		{1501F55F-F083-47E7-B16E-1A8F01309F92}.Release|Any CPU.Build.0 = Release|Any CPU
		{B2860496-2605-406E-9858-DD0CF10F6594}.Debug|Any CPU.ActiveCfg = Debug|Any CPU
		{B2860496-2605-406E-9858-DD0CF10F6594}.Debug|Any CPU.Build.0 = Debug|Any CPU
		{B2860496-2605-406E-9858-DD0CF10F6594}.Release|Any CPU.ActiveCfg = Release|Any CPU
		{B2860496-2605-406E-9858-DD0CF10F6594}.Release|Any CPU.Build.0 = Release|Any CPU
	EndGlobalSection
EndGlobal
